
Microsoft Visual Studio Solution File, Format Version 12.00
# Visual Studio Version 17
VisualStudioVersion = 17.14.36121.58 d17.14
MinimumVisualStudioVersion = 10.0.40219.1
Project("{FAE04EC0-301F-11D3-BF4B-00C04F79EFBC}") = "PersonalFinanceAPI", "PersonalFinanceAPI\PersonalFinanceAPI.csproj", "{CE1C5E04-BDCD-4B17-9D57-511333BD0E9D}"
EndProject
Global
	GlobalSection(SolutionConfigurationPlatforms) = preSolution
		Debug|Any CPU = Debug|Any CPU
		Release|Any CPU = Release|Any CPU
	EndGlobalSection
	GlobalSection(ProjectConfigurationPlatforms) = postSolution
		{CE1C5E04-BDCD-4B17-9D57-511333BD0E9D}.Debug|Any CPU.ActiveCfg = Debug|Any CPU
		{CE1C5E04-BDCD-4B17-9D57-511333BD0E9D}.Debug|Any CPU.Build.0 = Debug|Any CPU
		{CE1C5E04-BDCD-4B17-9D57-511333BD0E9D}.Release|Any CPU.ActiveCfg = Release|Any CPU
		{CE1C5E04-BDCD-4B17-9D57-511333BD0E9D}.Release|Any CPU.Build.0 = Release|Any CPU
	EndGlobalSection
	GlobalSection(SolutionProperties) = preSolution
		HideSolutionNode = FALSE
	EndGlobalSection
	GlobalSection(ExtensibilityGlobals) = postSolution
		SolutionGuid = {819640E4-7FCE-43F5-A588-F1967E956720}
	EndGlobalSection
EndGlobal
